// !$*UTF8*$!
{
	archiveVersion = 1;
	classes = {
	};
	objectVersion = 51;
	objects = {

/* Begin PBXBuildFile section */
		58C36CECB5253CBB803E908F /* Pods_Pokedex_MVPTests.framework in Frameworks */ = {isa = PBXBuildFile; fileRef = F600465238A3CD0EAB225849 /* Pods_Pokedex_MVPTests.framework */; };
		5E2D48ED671662C7639D6DD8 /* Pods_Pokedex_MVP.framework in Frameworks */ = {isa = PBXBuildFile; fileRef = 8A345CEE3C036BA1202F30A6 /* Pods_Pokedex_MVP.framework */; };
		B30E623D25C41A8D0031AD62 /* UIViewControllerExtension.swift in Sources */ = {isa = PBXBuildFile; fileRef = B30E623C25C41A8D0031AD62 /* UIViewControllerExtension.swift */; };
		B311357B25D18ED100A32997 /* Localizable.strings in Resources */ = {isa = PBXBuildFile; fileRef = B311357A25D18ED100A32997 /* Localizable.strings */; };
		B3115A9525BDEA01001C6BF4 /* PokemonAPITests.swift in Sources */ = {isa = PBXBuildFile; fileRef = B3115A9425BDEA01001C6BF4 /* PokemonAPITests.swift */; };
		B3115A9B25BDEC9E001C6BF4 /* StringExtension.swift in Sources */ = {isa = PBXBuildFile; fileRef = B3115A9A25BDEC9E001C6BF4 /* StringExtension.swift */; };
		B31E2FC025C228EE0098F3AD /* FetchPokemonUseCaseTests.swift in Sources */ = {isa = PBXBuildFile; fileRef = B31E2FBF25C228EE0098F3AD /* FetchPokemonUseCaseTests.swift */; };
		B31E2FC625C22AA20098F3AD /* PokemonRepositorySpy.swift in Sources */ = {isa = PBXBuildFile; fileRef = B31E2FC525C22AA20098F3AD /* PokemonRepositorySpy.swift */; };
		B31E2FCA25C22B630098F3AD /* GenerationRepositorySpy.swift in Sources */ = {isa = PBXBuildFile; fileRef = B31E2FC925C22B630098F3AD /* GenerationRepositorySpy.swift */; };
		B31E50DF25C5671700491C88 /* TableViewSection.swift in Sources */ = {isa = PBXBuildFile; fileRef = B31E50DE25C5671700491C88 /* TableViewSection.swift */; };
		B31E50E325C5672C00491C88 /* TableViewCellBuilder.swift in Sources */ = {isa = PBXBuildFile; fileRef = B31E50E225C5672C00491C88 /* TableViewCellBuilder.swift */; };
		B3215FF125CF71C5000A5863 /* SearchViewCell.swift in Sources */ = {isa = PBXBuildFile; fileRef = B3215FF025CF71C5000A5863 /* SearchViewCell.swift */; };
		B3215FF625CF743B000A5863 /* SearchViewCell.xib in Resources */ = {isa = PBXBuildFile; fileRef = B3215FF525CF743B000A5863 /* SearchViewCell.xib */; };
		B3215FFA25CF74A8000A5863 /* SearchCellBuilder.swift in Sources */ = {isa = PBXBuildFile; fileRef = B3215FF925CF74A8000A5863 /* SearchCellBuilder.swift */; };
		B337E16625D0284400B19B28 /* PokemonPresenter.swift in Sources */ = {isa = PBXBuildFile; fileRef = B337E16525D0284400B19B28 /* PokemonPresenter.swift */; };
		B3387ED625BE3653005BB2F5 /* PokemonAPISpy.swift in Sources */ = {isa = PBXBuildFile; fileRef = B3387ED525BE3653005BB2F5 /* PokemonAPISpy.swift */; };
		B3387EE525BE375B005BB2F5 /* CacheSpy.swift in Sources */ = {isa = PBXBuildFile; fileRef = B3387EE425BE375B005BB2F5 /* CacheSpy.swift */; };
		B3433FBA25C230D90087EF14 /* FetchGenerationsUseCaseTests.swift in Sources */ = {isa = PBXBuildFile; fileRef = B3433FB925C230D90087EF14 /* FetchGenerationsUseCaseTests.swift */; };
		B347F62F25BC9B4200D1ECBE /* PokemonAPI.swift in Sources */ = {isa = PBXBuildFile; fileRef = B347F62D25BC9B4200D1ECBE /* PokemonAPI.swift */; };
		B347F63325BC9C3600D1ECBE /* Pagination.swift in Sources */ = {isa = PBXBuildFile; fileRef = B347F63225BC9C3600D1ECBE /* Pagination.swift */; };
		B347F65B25BCB98700D1ECBE /* FetchGenerationsUseCase.swift in Sources */ = {isa = PBXBuildFile; fileRef = B347F65A25BCB98700D1ECBE /* FetchGenerationsUseCase.swift */; };
		B347F66025BCBA2B00D1ECBE /* PokemonRepository.swift in Sources */ = {isa = PBXBuildFile; fileRef = B347F65F25BCBA2B00D1ECBE /* PokemonRepository.swift */; };
		B347F66825BCBEAB00D1ECBE /* UseCaseFactory.swift in Sources */ = {isa = PBXBuildFile; fileRef = B347F66725BCBEAB00D1ECBE /* UseCaseFactory.swift */; };
		B347F68025BCC24100D1ECBE /* Generation.swift in Sources */ = {isa = PBXBuildFile; fileRef = B347F67F25BCC24100D1ECBE /* Generation.swift */; };
		B359C7FC25D18B9700E05C00 /* UIActivityIndicatorViewExtension.swift in Sources */ = {isa = PBXBuildFile; fileRef = B359C7FB25D18B9700E05C00 /* UIActivityIndicatorViewExtension.swift */; };
		B359DE5E25BDE50D00593765 /* NetworkSpy.swift in Sources */ = {isa = PBXBuildFile; fileRef = B359DE5D25BDE50D00593765 /* NetworkSpy.swift */; };
		B36E3D7525BD82EB0067F8BF /* Pokemon.swift in Sources */ = {isa = PBXBuildFile; fileRef = B36E3D7425BD82EB0067F8BF /* Pokemon.swift */; };
		B36E3D7925BD89C20067F8BF /* FetchPokemonUseCase.swift in Sources */ = {isa = PBXBuildFile; fileRef = B36E3D7825BD89C20067F8BF /* FetchPokemonUseCase.swift */; };
		B36E3D7E25BD8EE40067F8BF /* PokemonModelTests.swift in Sources */ = {isa = PBXBuildFile; fileRef = B36E3D7D25BD8EE40067F8BF /* PokemonModelTests.swift */; };
		B36E3D8425BD9E110067F8BF /* GenerationResultItemModelTests.swift in Sources */ = {isa = PBXBuildFile; fileRef = B36E3D8325BD9E110067F8BF /* GenerationResultItemModelTests.swift */; };
		B36E3D8825BD9ED70067F8BF /* PaginationModelTests.swift in Sources */ = {isa = PBXBuildFile; fileRef = B36E3D8725BD9ED70067F8BF /* PaginationModelTests.swift */; };
		B36E3D8F25BDA1BD0067F8BF /* MemoryCache.swift in Sources */ = {isa = PBXBuildFile; fileRef = B36E3D8E25BDA1BD0067F8BF /* MemoryCache.swift */; };
		B36E3D9325BDA7C90067F8BF /* MemoryCacheTests.swift in Sources */ = {isa = PBXBuildFile; fileRef = B36E3D9225BDA7C90067F8BF /* MemoryCacheTests.swift */; };
		B372657A25C707D600A7FF1A /* BadgeView.xib in Resources */ = {isa = PBXBuildFile; fileRef = B372657925C707D600A7FF1A /* BadgeView.xib */; };
		B372657E25C712A400A7FF1A /* UIViewExtension.swift in Sources */ = {isa = PBXBuildFile; fileRef = B372657D25C712A400A7FF1A /* UIViewExtension.swift */; };
		B37265A325CF41C0007D7F05 /* SearchPresenter.swift in Sources */ = {isa = PBXBuildFile; fileRef = B37265A225CF41C0007D7F05 /* SearchPresenter.swift */; };
		B37EF75F25C6B60C005C491E /* PokemonViewModel.swift in Sources */ = {isa = PBXBuildFile; fileRef = B37EF75725C6B4E6005C491E /* PokemonViewModel.swift */; };
		B37EF78825C6CA29005C491E /* PokemonType.swift in Sources */ = {isa = PBXBuildFile; fileRef = B37EF78725C6CA29005C491E /* PokemonType.swift */; };
		B381D1FE25C7071E00FF6183 /* BadgeView.swift in Sources */ = {isa = PBXBuildFile; fileRef = B381D1FD25C7071E00FF6183 /* BadgeView.swift */; };
		B382C5DC25C5736400142F0F /* HomeListItemViewCell.swift in Sources */ = {isa = PBXBuildFile; fileRef = B382C5DB25C5736400142F0F /* HomeListItemViewCell.swift */; };
		B382C5E225C5743800142F0F /* HomeListItemCellBuilder.swift in Sources */ = {isa = PBXBuildFile; fileRef = B382C5E125C5743800142F0F /* HomeListItemCellBuilder.swift */; };
		B382C5E625C575A000142F0F /* HomeListItemViewCell.xib in Resources */ = {isa = PBXBuildFile; fileRef = B382C5E525C575A000142F0F /* HomeListItemViewCell.xib */; };
		B385E1D225B98C740017E94D /* AppDelegate.swift in Sources */ = {isa = PBXBuildFile; fileRef = B385E1D125B98C740017E94D /* AppDelegate.swift */; };
		B385E1D625B98C740017E94D /* HomeViewController.swift in Sources */ = {isa = PBXBuildFile; fileRef = B385E1D525B98C740017E94D /* HomeViewController.swift */; };
		B385E1DB25B98C750017E94D /* Assets.xcassets in Resources */ = {isa = PBXBuildFile; fileRef = B385E1DA25B98C750017E94D /* Assets.xcassets */; };
		B385E1DE25B98C750017E94D /* LaunchScreen.storyboard in Resources */ = {isa = PBXBuildFile; fileRef = B385E1DC25B98C750017E94D /* LaunchScreen.storyboard */; };
		B3873D9125B9AE4300BE6780 /* Colors.swift in Sources */ = {isa = PBXBuildFile; fileRef = B3873D9025B9AE4300BE6780 /* Colors.swift */; };
		B3873D9525B9AE5C00BE6780 /* Typography.swift in Sources */ = {isa = PBXBuildFile; fileRef = B3873D9425B9AE5C00BE6780 /* Typography.swift */; };
		B387D04A25C560C2004B9819 /* TableViewDataSource.swift in Sources */ = {isa = PBXBuildFile; fileRef = B387D04925C560C2004B9819 /* TableViewDataSource.swift */; };
		B38C5D1E25B9958600B83845 /* Assets.swift in Sources */ = {isa = PBXBuildFile; fileRef = B38C5D1D25B9958600B83845 /* Assets.swift */; };
		B398EDFA25BC7FA8009F7666 /* ColorsTests.swift in Sources */ = {isa = PBXBuildFile; fileRef = B398EDF925BC7FA8009F7666 /* ColorsTests.swift */; };
		B398EE0925BC83F6009F7666 /* NetworkProtocol.swift in Sources */ = {isa = PBXBuildFile; fileRef = B398EE0825BC83F6009F7666 /* NetworkProtocol.swift */; };
		B398EE0D25BC8460009F7666 /* AlamofireNetwork.swift in Sources */ = {isa = PBXBuildFile; fileRef = B398EE0C25BC8460009F7666 /* AlamofireNetwork.swift */; };
		B39992C825BE328300486D05 /* GenerationRepository.swift in Sources */ = {isa = PBXBuildFile; fileRef = B39992C725BE328300486D05 /* GenerationRepository.swift */; };
		B39992CE25BE348400486D05 /* PokemonRepositoryTests.swift in Sources */ = {isa = PBXBuildFile; fileRef = B39992CD25BE348400486D05 /* PokemonRepositoryTests.swift */; };
		B39992D225BE349200486D05 /* GenerationRepositoryTests.swift in Sources */ = {isa = PBXBuildFile; fileRef = B39992D125BE349200486D05 /* GenerationRepositoryTests.swift */; };
		B3A6C20E25C2BC8B00ADB720 /* HomePresenter.swift in Sources */ = {isa = PBXBuildFile; fileRef = B3A6C20D25C2BC8B00ADB720 /* HomePresenter.swift */; };
		B3A6C21425C2C2E400ADB720 /* SceneFactory.swift in Sources */ = {isa = PBXBuildFile; fileRef = B3A6C21325C2C2E400ADB720 /* SceneFactory.swift */; };
		B3A6C21A25C2C3F600ADB720 /* HomeViewController.xib in Resources */ = {isa = PBXBuildFile; fileRef = B3A6C21925C2C3F600ADB720 /* HomeViewController.xib */; };
		B3AAC56A25BC622C00E42043 /* AssetsTests.swift in Sources */ = {isa = PBXBuildFile; fileRef = B3AAC56925BC622C00E42043 /* AssetsTests.swift */; };
		B3B6534325C64DC7009EE4EC /* UIImageExtension.swift in Sources */ = {isa = PBXBuildFile; fileRef = B3B6534225C64DC7009EE4EC /* UIImageExtension.swift */; };
		B3C9D23525BE28C8008770FE /* FetchPokemonsUseCase.swift in Sources */ = {isa = PBXBuildFile; fileRef = B3C9D23425BE28C8008770FE /* FetchPokemonsUseCase.swift */; };
		B3D2802325C80B040082994C /* SearchInputView.swift in Sources */ = {isa = PBXBuildFile; fileRef = B3D2802225C80B040082994C /* SearchInputView.swift */; };
		B3D2802925C80B0D0082994C /* SearchInputView.xib in Resources */ = {isa = PBXBuildFile; fileRef = B3D2802825C80B0D0082994C /* SearchInputView.xib */; };
		B3D8D7C225BAE40A007E68B7 /* ColorExtension.swift in Sources */ = {isa = PBXBuildFile; fileRef = B3D8D7C125BAE40A007E68B7 /* ColorExtension.swift */; };
		B3DD4A9A25D10D3000D963A2 /* PokemonSectionHeaderView.swift in Sources */ = {isa = PBXBuildFile; fileRef = B3DD4A9925D10D3000D963A2 /* PokemonSectionHeaderView.swift */; };
		B3DD4A9E25D10E7A00D963A2 /* PokemonSectionHeaderView.xib in Resources */ = {isa = PBXBuildFile; fileRef = B3DD4A9D25D10E7A00D963A2 /* PokemonSectionHeaderView.xib */; };
		B3DD4AA225D112A500D963A2 /* PokemonAbilityViewCell.swift in Sources */ = {isa = PBXBuildFile; fileRef = B3DD4AA125D112A500D963A2 /* PokemonAbilityViewCell.swift */; };
		B3DD4AA825D1143600D963A2 /* PokemonAbilityViewCell.xib in Resources */ = {isa = PBXBuildFile; fileRef = B3DD4AA725D1143600D963A2 /* PokemonAbilityViewCell.xib */; };
		B3DD4AAD25D114AF00D963A2 /* PokemonAbilityCellBuilder.swift in Sources */ = {isa = PBXBuildFile; fileRef = B3DD4AAC25D114AF00D963A2 /* PokemonAbilityCellBuilder.swift */; };
		B3DD4AB125D1187F00D963A2 /* PokemonStatViewCell.swift in Sources */ = {isa = PBXBuildFile; fileRef = B3DD4AB025D1187F00D963A2 /* PokemonStatViewCell.swift */; };
		B3DD4AB525D118B900D963A2 /* PokemonStatViewCell.xib in Resources */ = {isa = PBXBuildFile; fileRef = B3DD4AB425D118B900D963A2 /* PokemonStatViewCell.xib */; };
		B3DD4ABD25D1193600D963A2 /* PokemonStatCellBuilder.swift in Sources */ = {isa = PBXBuildFile; fileRef = B3DD4ABC25D1193600D963A2 /* PokemonStatCellBuilder.swift */; };
		B3DD4AC525D1213A00D963A2 /* ConstraintExtension.swift in Sources */ = {isa = PBXBuildFile; fileRef = B3DD4AC425D1213A00D963A2 /* ConstraintExtension.swift */; };
		B3DD4ACB25D1599D00D963A2 /* StatViewModel.swift in Sources */ = {isa = PBXBuildFile; fileRef = B3DD4ACA25D1599D00D963A2 /* StatViewModel.swift */; };
		B3EB221725D1F47C00B866BD /* StringsTests.swift in Sources */ = {isa = PBXBuildFile; fileRef = B3EB221625D1F47C00B866BD /* StringsTests.swift */; };
		B3F47ABC25CF21FF000F7A1D /* Coordinator.swift in Sources */ = {isa = PBXBuildFile; fileRef = B3F47ABB25CF21FF000F7A1D /* Coordinator.swift */; };
		B3F47AF025CF226C000F7A1D /* ApplicationCoordinator.swift in Sources */ = {isa = PBXBuildFile; fileRef = B3F47AEF25CF226C000F7A1D /* ApplicationCoordinator.swift */; };
		B3F47AFF25CF2DEC000F7A1D /* FilterViewController.swift in Sources */ = {isa = PBXBuildFile; fileRef = B3F47AFE25CF2DEC000F7A1D /* FilterViewController.swift */; };
		B3F47B0325CF2E0B000F7A1D /* GenerationsViewController.swift in Sources */ = {isa = PBXBuildFile; fileRef = B3F47B0225CF2E0B000F7A1D /* GenerationsViewController.swift */; };
		B3F47B0725CF2E20000F7A1D /* SearchViewController.swift in Sources */ = {isa = PBXBuildFile; fileRef = B3F47B0625CF2E20000F7A1D /* SearchViewController.swift */; };
		B3F47B0C25CF2EAD000F7A1D /* SortViewController.swift in Sources */ = {isa = PBXBuildFile; fileRef = B3F47B0B25CF2EAD000F7A1D /* SortViewController.swift */; };
		B3F47B1225CF2EFD000F7A1D /* PokemonViewController.swift in Sources */ = {isa = PBXBuildFile; fileRef = B3F47B1125CF2EFD000F7A1D /* PokemonViewController.swift */; };
		B3F47B1625CF2F10000F7A1D /* PokemonViewController.xib in Resources */ = {isa = PBXBuildFile; fileRef = B3F47B1525CF2F10000F7A1D /* PokemonViewController.xib */; };
		B3F47B1A25CF2F2D000F7A1D /* SortViewController.xib in Resources */ = {isa = PBXBuildFile; fileRef = B3F47B1925CF2F2D000F7A1D /* SortViewController.xib */; };
		B3F47B1E25CF2F46000F7A1D /* FilterViewController.xib in Resources */ = {isa = PBXBuildFile; fileRef = B3F47B1D25CF2F46000F7A1D /* FilterViewController.xib */; };
		B3F47B2225CF2F59000F7A1D /* GenerationsViewController.xib in Resources */ = {isa = PBXBuildFile; fileRef = B3F47B2125CF2F59000F7A1D /* GenerationsViewController.xib */; };
		B3F47B2625CF2F6C000F7A1D /* SearchViewController.xib in Resources */ = {isa = PBXBuildFile; fileRef = B3F47B2525CF2F6C000F7A1D /* SearchViewController.xib */; };
		B3F47B2A25CF3126000F7A1D /* SearchCoordinator.swift in Sources */ = {isa = PBXBuildFile; fileRef = B3F47B2925CF3126000F7A1D /* SearchCoordinator.swift */; };
		B3F47B2E25CF31C4000F7A1D /* SortCoordinator.swift in Sources */ = {isa = PBXBuildFile; fileRef = B3F47B2D25CF31C4000F7A1D /* SortCoordinator.swift */; };
		B3F47B3225CF31DB000F7A1D /* FilterCoordinator.swift in Sources */ = {isa = PBXBuildFile; fileRef = B3F47B3125CF31DB000F7A1D /* FilterCoordinator.swift */; };
		B3F47B3625CF31F6000F7A1D /* GenerationsCoordinator.swift in Sources */ = {isa = PBXBuildFile; fileRef = B3F47B3525CF31F6000F7A1D /* GenerationsCoordinator.swift */; };
		B3F47B3A25CF3266000F7A1D /* PokemonCoordinator.swift in Sources */ = {isa = PBXBuildFile; fileRef = B3F47B3925CF3266000F7A1D /* PokemonCoordinator.swift */; };
/* End PBXBuildFile section */

/* Begin PBXContainerItemProxy section */
		B385E1F125B98CD80017E94D /* PBXContainerItemProxy */ = {
			isa = PBXContainerItemProxy;
			containerPortal = B385E1C625B98C740017E94D /* Project object */;
			proxyType = 1;
			remoteGlobalIDString = B385E1CD25B98C740017E94D;
			remoteInfo = "Pokedex-MVP";
		};
/* End PBXContainerItemProxy section */

/* Begin PBXFileReference section */
		74B79D169C15EC1E2C37694B /* Pods-Pokedex-MVPTests.release.xcconfig */ = {isa = PBXFileReference; includeInIndex = 1; lastKnownFileType = text.xcconfig; name = "Pods-Pokedex-MVPTests.release.xcconfig"; path = "Target Support Files/Pods-Pokedex-MVPTests/Pods-Pokedex-MVPTests.release.xcconfig"; sourceTree = "<group>"; };
		8A345CEE3C036BA1202F30A6 /* Pods_Pokedex_MVP.framework */ = {isa = PBXFileReference; explicitFileType = wrapper.framework; includeInIndex = 0; path = Pods_Pokedex_MVP.framework; sourceTree = BUILT_PRODUCTS_DIR; };
		A3E4394F9DBE63F4F516DFA2 /* Pods-Pokedex-MVPTests.debug.xcconfig */ = {isa = PBXFileReference; includeInIndex = 1; lastKnownFileType = text.xcconfig; name = "Pods-Pokedex-MVPTests.debug.xcconfig"; path = "Target Support Files/Pods-Pokedex-MVPTests/Pods-Pokedex-MVPTests.debug.xcconfig"; sourceTree = "<group>"; };
		B30E623C25C41A8D0031AD62 /* UIViewControllerExtension.swift */ = {isa = PBXFileReference; lastKnownFileType = sourcecode.swift; path = UIViewControllerExtension.swift; sourceTree = "<group>"; };
		B311357A25D18ED100A32997 /* Localizable.strings */ = {isa = PBXFileReference; lastKnownFileType = text.plist.strings; path = Localizable.strings; sourceTree = "<group>"; };
		B3115A9425BDEA01001C6BF4 /* PokemonAPITests.swift */ = {isa = PBXFileReference; lastKnownFileType = sourcecode.swift; path = PokemonAPITests.swift; sourceTree = "<group>"; };
		B3115A9A25BDEC9E001C6BF4 /* StringExtension.swift */ = {isa = PBXFileReference; lastKnownFileType = sourcecode.swift; path = StringExtension.swift; sourceTree = "<group>"; };
		B31E2FBF25C228EE0098F3AD /* FetchPokemonUseCaseTests.swift */ = {isa = PBXFileReference; lastKnownFileType = sourcecode.swift; path = FetchPokemonUseCaseTests.swift; sourceTree = "<group>"; };
		B31E2FC525C22AA20098F3AD /* PokemonRepositorySpy.swift */ = {isa = PBXFileReference; lastKnownFileType = sourcecode.swift; path = PokemonRepositorySpy.swift; sourceTree = "<group>"; };
		B31E2FC925C22B630098F3AD /* GenerationRepositorySpy.swift */ = {isa = PBXFileReference; lastKnownFileType = sourcecode.swift; path = GenerationRepositorySpy.swift; sourceTree = "<group>"; };
		B31E50DE25C5671700491C88 /* TableViewSection.swift */ = {isa = PBXFileReference; lastKnownFileType = sourcecode.swift; path = TableViewSection.swift; sourceTree = "<group>"; };
		B31E50E225C5672C00491C88 /* TableViewCellBuilder.swift */ = {isa = PBXFileReference; lastKnownFileType = sourcecode.swift; path = TableViewCellBuilder.swift; sourceTree = "<group>"; };
		B3215FF025CF71C5000A5863 /* SearchViewCell.swift */ = {isa = PBXFileReference; lastKnownFileType = sourcecode.swift; path = SearchViewCell.swift; sourceTree = "<group>"; };
		B3215FF525CF743B000A5863 /* SearchViewCell.xib */ = {isa = PBXFileReference; lastKnownFileType = file.xib; path = SearchViewCell.xib; sourceTree = "<group>"; };
		B3215FF925CF74A8000A5863 /* SearchCellBuilder.swift */ = {isa = PBXFileReference; lastKnownFileType = sourcecode.swift; path = SearchCellBuilder.swift; sourceTree = "<group>"; };
		B337E16525D0284400B19B28 /* PokemonPresenter.swift */ = {isa = PBXFileReference; lastKnownFileType = sourcecode.swift; path = PokemonPresenter.swift; sourceTree = "<group>"; };
		B3387ED525BE3653005BB2F5 /* PokemonAPISpy.swift */ = {isa = PBXFileReference; lastKnownFileType = sourcecode.swift; path = PokemonAPISpy.swift; sourceTree = "<group>"; };
		B3387EE425BE375B005BB2F5 /* CacheSpy.swift */ = {isa = PBXFileReference; lastKnownFileType = sourcecode.swift; path = CacheSpy.swift; sourceTree = "<group>"; };
		B3433FB925C230D90087EF14 /* FetchGenerationsUseCaseTests.swift */ = {isa = PBXFileReference; lastKnownFileType = sourcecode.swift; path = FetchGenerationsUseCaseTests.swift; sourceTree = "<group>"; };
		B347F62D25BC9B4200D1ECBE /* PokemonAPI.swift */ = {isa = PBXFileReference; fileEncoding = 4; lastKnownFileType = sourcecode.swift; path = PokemonAPI.swift; sourceTree = "<group>"; };
		B347F63225BC9C3600D1ECBE /* Pagination.swift */ = {isa = PBXFileReference; lastKnownFileType = sourcecode.swift; path = Pagination.swift; sourceTree = "<group>"; };
		B347F65A25BCB98700D1ECBE /* FetchGenerationsUseCase.swift */ = {isa = PBXFileReference; fileEncoding = 4; lastKnownFileType = sourcecode.swift; path = FetchGenerationsUseCase.swift; sourceTree = "<group>"; };
		B347F65F25BCBA2B00D1ECBE /* PokemonRepository.swift */ = {isa = PBXFileReference; lastKnownFileType = sourcecode.swift; path = PokemonRepository.swift; sourceTree = "<group>"; };
		B347F66725BCBEAB00D1ECBE /* UseCaseFactory.swift */ = {isa = PBXFileReference; lastKnownFileType = sourcecode.swift; path = UseCaseFactory.swift; sourceTree = "<group>"; };
		B347F67F25BCC24100D1ECBE /* Generation.swift */ = {isa = PBXFileReference; lastKnownFileType = sourcecode.swift; path = Generation.swift; sourceTree = "<group>"; };
		B359C7FB25D18B9700E05C00 /* UIActivityIndicatorViewExtension.swift */ = {isa = PBXFileReference; lastKnownFileType = sourcecode.swift; path = UIActivityIndicatorViewExtension.swift; sourceTree = "<group>"; };
		B359DE5D25BDE50D00593765 /* NetworkSpy.swift */ = {isa = PBXFileReference; lastKnownFileType = sourcecode.swift; path = NetworkSpy.swift; sourceTree = "<group>"; };
		B36E3D7425BD82EB0067F8BF /* Pokemon.swift */ = {isa = PBXFileReference; lastKnownFileType = sourcecode.swift; path = Pokemon.swift; sourceTree = "<group>"; };
		B36E3D7825BD89C20067F8BF /* FetchPokemonUseCase.swift */ = {isa = PBXFileReference; lastKnownFileType = sourcecode.swift; path = FetchPokemonUseCase.swift; sourceTree = "<group>"; };
		B36E3D7D25BD8EE40067F8BF /* PokemonModelTests.swift */ = {isa = PBXFileReference; lastKnownFileType = sourcecode.swift; path = PokemonModelTests.swift; sourceTree = "<group>"; };
		B36E3D8325BD9E110067F8BF /* GenerationResultItemModelTests.swift */ = {isa = PBXFileReference; lastKnownFileType = sourcecode.swift; path = GenerationResultItemModelTests.swift; sourceTree = "<group>"; };
		B36E3D8725BD9ED70067F8BF /* PaginationModelTests.swift */ = {isa = PBXFileReference; lastKnownFileType = sourcecode.swift; path = PaginationModelTests.swift; sourceTree = "<group>"; };
		B36E3D8E25BDA1BD0067F8BF /* MemoryCache.swift */ = {isa = PBXFileReference; lastKnownFileType = sourcecode.swift; path = MemoryCache.swift; sourceTree = "<group>"; };
		B36E3D9225BDA7C90067F8BF /* MemoryCacheTests.swift */ = {isa = PBXFileReference; lastKnownFileType = sourcecode.swift; path = MemoryCacheTests.swift; sourceTree = "<group>"; };
		B372657925C707D600A7FF1A /* BadgeView.xib */ = {isa = PBXFileReference; lastKnownFileType = file.xib; path = BadgeView.xib; sourceTree = "<group>"; };
		B372657D25C712A400A7FF1A /* UIViewExtension.swift */ = {isa = PBXFileReference; lastKnownFileType = sourcecode.swift; path = UIViewExtension.swift; sourceTree = "<group>"; };
		B37265A225CF41C0007D7F05 /* SearchPresenter.swift */ = {isa = PBXFileReference; lastKnownFileType = sourcecode.swift; path = SearchPresenter.swift; sourceTree = "<group>"; };
		B37EF75725C6B4E6005C491E /* PokemonViewModel.swift */ = {isa = PBXFileReference; lastKnownFileType = sourcecode.swift; path = PokemonViewModel.swift; sourceTree = "<group>"; };
		B37EF78725C6CA29005C491E /* PokemonType.swift */ = {isa = PBXFileReference; lastKnownFileType = sourcecode.swift; path = PokemonType.swift; sourceTree = "<group>"; };
		B381D1FD25C7071E00FF6183 /* BadgeView.swift */ = {isa = PBXFileReference; lastKnownFileType = sourcecode.swift; path = BadgeView.swift; sourceTree = "<group>"; };
		B382C5DB25C5736400142F0F /* HomeListItemViewCell.swift */ = {isa = PBXFileReference; lastKnownFileType = sourcecode.swift; path = HomeListItemViewCell.swift; sourceTree = "<group>"; };
		B382C5E125C5743800142F0F /* HomeListItemCellBuilder.swift */ = {isa = PBXFileReference; lastKnownFileType = sourcecode.swift; path = HomeListItemCellBuilder.swift; sourceTree = "<group>"; };
		B382C5E525C575A000142F0F /* HomeListItemViewCell.xib */ = {isa = PBXFileReference; lastKnownFileType = file.xib; path = HomeListItemViewCell.xib; sourceTree = "<group>"; };
		B385E1CE25B98C740017E94D /* Pokedex-MVP.app */ = {isa = PBXFileReference; explicitFileType = wrapper.application; includeInIndex = 0; path = "Pokedex-MVP.app"; sourceTree = BUILT_PRODUCTS_DIR; };
		B385E1D125B98C740017E94D /* AppDelegate.swift */ = {isa = PBXFileReference; lastKnownFileType = sourcecode.swift; path = AppDelegate.swift; sourceTree = "<group>"; };
		B385E1D525B98C740017E94D /* HomeViewController.swift */ = {isa = PBXFileReference; lastKnownFileType = sourcecode.swift; path = HomeViewController.swift; sourceTree = "<group>"; };
		B385E1DA25B98C750017E94D /* Assets.xcassets */ = {isa = PBXFileReference; lastKnownFileType = folder.assetcatalog; path = Assets.xcassets; sourceTree = "<group>"; };
		B385E1DD25B98C750017E94D /* Base */ = {isa = PBXFileReference; lastKnownFileType = file.storyboard; name = Base; path = Base.lproj/LaunchScreen.storyboard; sourceTree = "<group>"; };
		B385E1DF25B98C750017E94D /* Info.plist */ = {isa = PBXFileReference; lastKnownFileType = text.plist.xml; path = Info.plist; sourceTree = "<group>"; };
		B385E1EC25B98CD80017E94D /* Pokedex-MVPTests.xctest */ = {isa = PBXFileReference; explicitFileType = wrapper.cfbundle; includeInIndex = 0; path = "Pokedex-MVPTests.xctest"; sourceTree = BUILT_PRODUCTS_DIR; };
		B385E1F025B98CD80017E94D /* Info.plist */ = {isa = PBXFileReference; lastKnownFileType = text.plist.xml; path = Info.plist; sourceTree = "<group>"; };
		B3873D9025B9AE4300BE6780 /* Colors.swift */ = {isa = PBXFileReference; lastKnownFileType = sourcecode.swift; path = Colors.swift; sourceTree = "<group>"; };
		B3873D9425B9AE5C00BE6780 /* Typography.swift */ = {isa = PBXFileReference; lastKnownFileType = sourcecode.swift; path = Typography.swift; sourceTree = "<group>"; };
		B387D04925C560C2004B9819 /* TableViewDataSource.swift */ = {isa = PBXFileReference; lastKnownFileType = sourcecode.swift; path = TableViewDataSource.swift; sourceTree = "<group>"; };
		B38C5D1D25B9958600B83845 /* Assets.swift */ = {isa = PBXFileReference; lastKnownFileType = sourcecode.swift; path = Assets.swift; sourceTree = "<group>"; };
		B398EDF925BC7FA8009F7666 /* ColorsTests.swift */ = {isa = PBXFileReference; lastKnownFileType = sourcecode.swift; path = ColorsTests.swift; sourceTree = "<group>"; };
		B398EE0825BC83F6009F7666 /* NetworkProtocol.swift */ = {isa = PBXFileReference; lastKnownFileType = sourcecode.swift; path = NetworkProtocol.swift; sourceTree = "<group>"; };
		B398EE0C25BC8460009F7666 /* AlamofireNetwork.swift */ = {isa = PBXFileReference; lastKnownFileType = sourcecode.swift; path = AlamofireNetwork.swift; sourceTree = "<group>"; };
		B39992C725BE328300486D05 /* GenerationRepository.swift */ = {isa = PBXFileReference; lastKnownFileType = sourcecode.swift; path = GenerationRepository.swift; sourceTree = "<group>"; };
		B39992CD25BE348400486D05 /* PokemonRepositoryTests.swift */ = {isa = PBXFileReference; lastKnownFileType = sourcecode.swift; path = PokemonRepositoryTests.swift; sourceTree = "<group>"; };
		B39992D125BE349200486D05 /* GenerationRepositoryTests.swift */ = {isa = PBXFileReference; lastKnownFileType = sourcecode.swift; path = GenerationRepositoryTests.swift; sourceTree = "<group>"; };
		B3A6C20D25C2BC8B00ADB720 /* HomePresenter.swift */ = {isa = PBXFileReference; lastKnownFileType = sourcecode.swift; path = HomePresenter.swift; sourceTree = "<group>"; };
		B3A6C21325C2C2E400ADB720 /* SceneFactory.swift */ = {isa = PBXFileReference; lastKnownFileType = sourcecode.swift; path = SceneFactory.swift; sourceTree = "<group>"; };
		B3A6C21925C2C3F600ADB720 /* HomeViewController.xib */ = {isa = PBXFileReference; lastKnownFileType = file.xib; path = HomeViewController.xib; sourceTree = "<group>"; };
		B3AAC56925BC622C00E42043 /* AssetsTests.swift */ = {isa = PBXFileReference; lastKnownFileType = sourcecode.swift; path = AssetsTests.swift; sourceTree = "<group>"; };
		B3B6534225C64DC7009EE4EC /* UIImageExtension.swift */ = {isa = PBXFileReference; lastKnownFileType = sourcecode.swift; path = UIImageExtension.swift; sourceTree = "<group>"; };
		B3C9D23425BE28C8008770FE /* FetchPokemonsUseCase.swift */ = {isa = PBXFileReference; lastKnownFileType = sourcecode.swift; path = FetchPokemonsUseCase.swift; sourceTree = "<group>"; };
		B3D2802225C80B040082994C /* SearchInputView.swift */ = {isa = PBXFileReference; lastKnownFileType = sourcecode.swift; path = SearchInputView.swift; sourceTree = "<group>"; };
		B3D2802825C80B0D0082994C /* SearchInputView.xib */ = {isa = PBXFileReference; lastKnownFileType = file.xib; path = SearchInputView.xib; sourceTree = "<group>"; };
		B3D8D7C125BAE40A007E68B7 /* ColorExtension.swift */ = {isa = PBXFileReference; lastKnownFileType = sourcecode.swift; path = ColorExtension.swift; sourceTree = "<group>"; };
		B3DD4A9925D10D3000D963A2 /* PokemonSectionHeaderView.swift */ = {isa = PBXFileReference; lastKnownFileType = sourcecode.swift; path = PokemonSectionHeaderView.swift; sourceTree = "<group>"; };
		B3DD4A9D25D10E7A00D963A2 /* PokemonSectionHeaderView.xib */ = {isa = PBXFileReference; lastKnownFileType = file.xib; path = PokemonSectionHeaderView.xib; sourceTree = "<group>"; };
		B3DD4AA125D112A500D963A2 /* PokemonAbilityViewCell.swift */ = {isa = PBXFileReference; fileEncoding = 4; lastKnownFileType = sourcecode.swift; path = PokemonAbilityViewCell.swift; sourceTree = "<group>"; };
		B3DD4AA725D1143600D963A2 /* PokemonAbilityViewCell.xib */ = {isa = PBXFileReference; lastKnownFileType = file.xib; path = PokemonAbilityViewCell.xib; sourceTree = "<group>"; };
		B3DD4AAC25D114AF00D963A2 /* PokemonAbilityCellBuilder.swift */ = {isa = PBXFileReference; lastKnownFileType = sourcecode.swift; path = PokemonAbilityCellBuilder.swift; sourceTree = "<group>"; };
		B3DD4AB025D1187F00D963A2 /* PokemonStatViewCell.swift */ = {isa = PBXFileReference; lastKnownFileType = sourcecode.swift; path = PokemonStatViewCell.swift; sourceTree = "<group>"; };
		B3DD4AB425D118B900D963A2 /* PokemonStatViewCell.xib */ = {isa = PBXFileReference; lastKnownFileType = file.xib; path = PokemonStatViewCell.xib; sourceTree = "<group>"; };
		B3DD4ABC25D1193600D963A2 /* PokemonStatCellBuilder.swift */ = {isa = PBXFileReference; lastKnownFileType = sourcecode.swift; path = PokemonStatCellBuilder.swift; sourceTree = "<group>"; };
		B3DD4AC425D1213A00D963A2 /* ConstraintExtension.swift */ = {isa = PBXFileReference; lastKnownFileType = sourcecode.swift; path = ConstraintExtension.swift; sourceTree = "<group>"; };
		B3DD4ACA25D1599D00D963A2 /* StatViewModel.swift */ = {isa = PBXFileReference; lastKnownFileType = sourcecode.swift; path = StatViewModel.swift; sourceTree = "<group>"; };
		B3EB221625D1F47C00B866BD /* StringsTests.swift */ = {isa = PBXFileReference; lastKnownFileType = sourcecode.swift; path = StringsTests.swift; sourceTree = "<group>"; };
		B3F47ABB25CF21FF000F7A1D /* Coordinator.swift */ = {isa = PBXFileReference; lastKnownFileType = sourcecode.swift; path = Coordinator.swift; sourceTree = "<group>"; };
		B3F47AEF25CF226C000F7A1D /* ApplicationCoordinator.swift */ = {isa = PBXFileReference; lastKnownFileType = sourcecode.swift; path = ApplicationCoordinator.swift; sourceTree = "<group>"; };
		B3F47AFE25CF2DEC000F7A1D /* FilterViewController.swift */ = {isa = PBXFileReference; lastKnownFileType = sourcecode.swift; path = FilterViewController.swift; sourceTree = "<group>"; };
		B3F47B0225CF2E0B000F7A1D /* GenerationsViewController.swift */ = {isa = PBXFileReference; lastKnownFileType = sourcecode.swift; path = GenerationsViewController.swift; sourceTree = "<group>"; };
		B3F47B0625CF2E20000F7A1D /* SearchViewController.swift */ = {isa = PBXFileReference; lastKnownFileType = sourcecode.swift; path = SearchViewController.swift; sourceTree = "<group>"; };
		B3F47B0B25CF2EAD000F7A1D /* SortViewController.swift */ = {isa = PBXFileReference; lastKnownFileType = sourcecode.swift; path = SortViewController.swift; sourceTree = "<group>"; };
		B3F47B1125CF2EFD000F7A1D /* PokemonViewController.swift */ = {isa = PBXFileReference; lastKnownFileType = sourcecode.swift; path = PokemonViewController.swift; sourceTree = "<group>"; };
		B3F47B1525CF2F10000F7A1D /* PokemonViewController.xib */ = {isa = PBXFileReference; lastKnownFileType = file.xib; path = PokemonViewController.xib; sourceTree = "<group>"; };
		B3F47B1925CF2F2D000F7A1D /* SortViewController.xib */ = {isa = PBXFileReference; lastKnownFileType = file.xib; path = SortViewController.xib; sourceTree = "<group>"; };
		B3F47B1D25CF2F46000F7A1D /* FilterViewController.xib */ = {isa = PBXFileReference; lastKnownFileType = file.xib; path = FilterViewController.xib; sourceTree = "<group>"; };
		B3F47B2125CF2F59000F7A1D /* GenerationsViewController.xib */ = {isa = PBXFileReference; lastKnownFileType = file.xib; path = GenerationsViewController.xib; sourceTree = "<group>"; };
		B3F47B2525CF2F6C000F7A1D /* SearchViewController.xib */ = {isa = PBXFileReference; lastKnownFileType = file.xib; path = SearchViewController.xib; sourceTree = "<group>"; };
		B3F47B2925CF3126000F7A1D /* SearchCoordinator.swift */ = {isa = PBXFileReference; lastKnownFileType = sourcecode.swift; path = SearchCoordinator.swift; sourceTree = "<group>"; };
		B3F47B2D25CF31C4000F7A1D /* SortCoordinator.swift */ = {isa = PBXFileReference; lastKnownFileType = sourcecode.swift; path = SortCoordinator.swift; sourceTree = "<group>"; };
		B3F47B3125CF31DB000F7A1D /* FilterCoordinator.swift */ = {isa = PBXFileReference; lastKnownFileType = sourcecode.swift; path = FilterCoordinator.swift; sourceTree = "<group>"; };
		B3F47B3525CF31F6000F7A1D /* GenerationsCoordinator.swift */ = {isa = PBXFileReference; lastKnownFileType = sourcecode.swift; path = GenerationsCoordinator.swift; sourceTree = "<group>"; };
		B3F47B3925CF3266000F7A1D /* PokemonCoordinator.swift */ = {isa = PBXFileReference; lastKnownFileType = sourcecode.swift; path = PokemonCoordinator.swift; sourceTree = "<group>"; };
		D6AD848FE999B0382AD2B4E8 /* Pods-Pokedex-MVP.debug.xcconfig */ = {isa = PBXFileReference; includeInIndex = 1; lastKnownFileType = text.xcconfig; name = "Pods-Pokedex-MVP.debug.xcconfig"; path = "Target Support Files/Pods-Pokedex-MVP/Pods-Pokedex-MVP.debug.xcconfig"; sourceTree = "<group>"; };
		F600465238A3CD0EAB225849 /* Pods_Pokedex_MVPTests.framework */ = {isa = PBXFileReference; explicitFileType = wrapper.framework; includeInIndex = 0; path = Pods_Pokedex_MVPTests.framework; sourceTree = BUILT_PRODUCTS_DIR; };
		F679554CAB6763CC9992ED9C /* Pods-Pokedex-MVP.release.xcconfig */ = {isa = PBXFileReference; includeInIndex = 1; lastKnownFileType = text.xcconfig; name = "Pods-Pokedex-MVP.release.xcconfig"; path = "Target Support Files/Pods-Pokedex-MVP/Pods-Pokedex-MVP.release.xcconfig"; sourceTree = "<group>"; };
/* End PBXFileReference section */

/* Begin PBXFrameworksBuildPhase section */
		B385E1CB25B98C740017E94D /* Frameworks */ = {
			isa = PBXFrameworksBuildPhase;
			buildActionMask = 2147483647;
			files = (
				5E2D48ED671662C7639D6DD8 /* Pods_Pokedex_MVP.framework in Frameworks */,
			);
			runOnlyForDeploymentPostprocessing = 0;
		};
		B385E1E925B98CD80017E94D /* Frameworks */ = {
			isa = PBXFrameworksBuildPhase;
			buildActionMask = 2147483647;
			files = (
				58C36CECB5253CBB803E908F /* Pods_Pokedex_MVPTests.framework in Frameworks */,
			);
			runOnlyForDeploymentPostprocessing = 0;
		};
/* End PBXFrameworksBuildPhase section */

/* Begin PBXGroup section */
		5B108121B0EC69118C4072F6 /* Frameworks */ = {
			isa = PBXGroup;
			children = (
				8A345CEE3C036BA1202F30A6 /* Pods_Pokedex_MVP.framework */,
				F600465238A3CD0EAB225849 /* Pods_Pokedex_MVPTests.framework */,
			);
			name = Frameworks;
			sourceTree = "<group>";
		};
		85E9008BC8E1BA2315A8E227 /* Pods */ = {
			isa = PBXGroup;
			children = (
				D6AD848FE999B0382AD2B4E8 /* Pods-Pokedex-MVP.debug.xcconfig */,
				F679554CAB6763CC9992ED9C /* Pods-Pokedex-MVP.release.xcconfig */,
				A3E4394F9DBE63F4F516DFA2 /* Pods-Pokedex-MVPTests.debug.xcconfig */,
				74B79D169C15EC1E2C37694B /* Pods-Pokedex-MVPTests.release.xcconfig */,
			);
			path = Pods;
			sourceTree = "<group>";
		};
		B3115A9225BDE9CA001C6BF4 /* Infra */ = {
			isa = PBXGroup;
			children = (
				B36E3D9225BDA7C90067F8BF /* MemoryCacheTests.swift */,
				B3115A9425BDEA01001C6BF4 /* PokemonAPITests.swift */,
			);
			path = Infra;
			sourceTree = "<group>";
		};
		B3115A9325BDE9DC001C6BF4 /* Main */ = {
			isa = PBXGroup;
			children = (
				B3AAC56925BC622C00E42043 /* AssetsTests.swift */,
				B398EDF925BC7FA8009F7666 /* ColorsTests.swift */,
				B3EB221625D1F47C00B866BD /* StringsTests.swift */,
			);
			path = Main;
			sourceTree = "<group>";
		};
		B31E2FBE25C2288C0098F3AD /* Data */ = {
			isa = PBXGroup;
			children = (
				B31E2FBF25C228EE0098F3AD /* FetchPokemonUseCaseTests.swift */,
				B3433FB925C230D90087EF14 /* FetchGenerationsUseCaseTests.swift */,
			);
			path = Data;
			sourceTree = "<group>";
		};
		B31E50DC25C566D600491C88 /* DataSource */ = {
			isa = PBXGroup;
			children = (
				B31E50DD25C566DE00491C88 /* TableView */,
			);
			path = DataSource;
			sourceTree = "<group>";
		};
		B31E50DD25C566DE00491C88 /* TableView */ = {
			isa = PBXGroup;
			children = (
				B387D04925C560C2004B9819 /* TableViewDataSource.swift */,
				B31E50DE25C5671700491C88 /* TableViewSection.swift */,
				B31E50E225C5672C00491C88 /* TableViewCellBuilder.swift */,
			);
			path = TableView;
			sourceTree = "<group>";
		};
		B3215FF425CF7426000A5863 /* Builder */ = {
			isa = PBXGroup;
			children = (
				B3215FF925CF74A8000A5863 /* SearchCellBuilder.swift */,
			);
			path = Builder;
			sourceTree = "<group>";
		};
		B337E16425D0283800B19B28 /* Presenter */ = {
			isa = PBXGroup;
			children = (
				B337E16525D0284400B19B28 /* PokemonPresenter.swift */,
			);
			path = Presenter;
			sourceTree = "<group>";
		};
		B347F62B25BC9B4200D1ECBE /* API */ = {
			isa = PBXGroup;
			children = (
				B347F62D25BC9B4200D1ECBE /* PokemonAPI.swift */,
			);
			path = API;
			sourceTree = "<group>";
		};
		B347F65925BCB98700D1ECBE /* UseCases */ = {
			isa = PBXGroup;
			children = (
				B39992C225BE318400486D05 /* Pokemon */,
				B3C9D23825BE315F008770FE /* Generation */,
			);
			path = UseCases;
			sourceTree = "<group>";
		};
		B347F66525BCBDFC00D1ECBE /* Factory */ = {
			isa = PBXGroup;
			children = (
				B347F66725BCBEAB00D1ECBE /* UseCaseFactory.swift */,
				B3A6C21325C2C2E400ADB720 /* SceneFactory.swift */,
			);
			path = Factory;
			sourceTree = "<group>";
		};
		B359DE5C25BDE50000593765 /* Spy */ = {
			isa = PBXGroup;
			children = (
				B359DE5D25BDE50D00593765 /* NetworkSpy.swift */,
				B3387ED525BE3653005BB2F5 /* PokemonAPISpy.swift */,
				B3387EE425BE375B005BB2F5 /* CacheSpy.swift */,
				B31E2FC525C22AA20098F3AD /* PokemonRepositorySpy.swift */,
				B31E2FC925C22B630098F3AD /* GenerationRepositorySpy.swift */,
			);
			path = Spy;
			sourceTree = "<group>";
		};
		B36E3D7C25BD8ED70067F8BF /* Models */ = {
			isa = PBXGroup;
			children = (
				B36E3D7D25BD8EE40067F8BF /* PokemonModelTests.swift */,
				B36E3D8325BD9E110067F8BF /* GenerationResultItemModelTests.swift */,
				B36E3D8725BD9ED70067F8BF /* PaginationModelTests.swift */,
			);
			path = Models;
			sourceTree = "<group>";
		};
		B36E3D8D25BDA1A80067F8BF /* Utils */ = {
			isa = PBXGroup;
			children = (
				B36E3D8E25BDA1BD0067F8BF /* MemoryCache.swift */,
			);
			path = Utils;
			sourceTree = "<group>";
		};
		B37265A125CF41B2007D7F05 /* Presenter */ = {
			isa = PBXGroup;
			children = (
				B37265A225CF41C0007D7F05 /* SearchPresenter.swift */,
			);
			path = Presenter;
			sourceTree = "<group>";
		};
		B37E3C5525C8081600A76439 /* SearchInputView */ = {
			isa = PBXGroup;
			children = (
				B3D2802225C80B040082994C /* SearchInputView.swift */,
				B3D2802825C80B0D0082994C /* SearchInputView.xib */,
			);
			path = SearchInputView;
			sourceTree = "<group>";
		};
		B37EF75625C6B4C7005C491E /* ViewModel */ = {
			isa = PBXGroup;
			children = (
				B37EF75725C6B4E6005C491E /* PokemonViewModel.swift */,
				B3DD4ACA25D1599D00D963A2 /* StatViewModel.swift */,
			);
			path = ViewModel;
			sourceTree = "<group>";
		};
		B37EF77825C6BC26005C491E /* Enums */ = {
			isa = PBXGroup;
			children = (
				B37EF78725C6CA29005C491E /* PokemonType.swift */,
			);
			path = Enums;
			sourceTree = "<group>";
		};
		B381D1FB25C7070600FF6183 /* Components */ = {
			isa = PBXGroup;
			children = (
				B37E3C5525C8081600A76439 /* SearchInputView */,
				B381D1FC25C7071000FF6183 /* BadgeView */,
			);
			path = Components;
			sourceTree = "<group>";
		};
		B381D1FC25C7071000FF6183 /* BadgeView */ = {
			isa = PBXGroup;
			children = (
				B381D1FD25C7071E00FF6183 /* BadgeView.swift */,
				B372657925C707D600A7FF1A /* BadgeView.xib */,
			);
			path = BadgeView;
			sourceTree = "<group>";
		};
		B382C5E925C5764100142F0F /* View */ = {
			isa = PBXGroup;
			children = (
				B385E1D525B98C740017E94D /* HomeViewController.swift */,
				B3A6C21925C2C3F600ADB720 /* HomeViewController.xib */,
				B382C5DB25C5736400142F0F /* HomeListItemViewCell.swift */,
				B382C5E525C575A000142F0F /* HomeListItemViewCell.xib */,
			);
			path = View;
			sourceTree = "<group>";
		};
		B382C5EA25C5764E00142F0F /* Presenter */ = {
			isa = PBXGroup;
			children = (
				B3A6C20D25C2BC8B00ADB720 /* HomePresenter.swift */,
			);
			path = Presenter;
			sourceTree = "<group>";
		};
		B385E1C525B98C740017E94D = {
			isa = PBXGroup;
			children = (
				B385E1D025B98C740017E94D /* Pokedex-MVP */,
				B385E1ED25B98CD80017E94D /* Pokedex-MVPTests */,
				B385E1CF25B98C740017E94D /* Products */,
				85E9008BC8E1BA2315A8E227 /* Pods */,
				5B108121B0EC69118C4072F6 /* Frameworks */,
			);
			sourceTree = "<group>";
		};
		B385E1CF25B98C740017E94D /* Products */ = {
			isa = PBXGroup;
			children = (
				B385E1CE25B98C740017E94D /* Pokedex-MVP.app */,
				B385E1EC25B98CD80017E94D /* Pokedex-MVPTests.xctest */,
			);
			name = Products;
			sourceTree = "<group>";
		};
		B385E1D025B98C740017E94D /* Pokedex-MVP */ = {
			isa = PBXGroup;
			children = (
				B385E20025B98D6B0017E94D /* Main */,
				B385E1FF25B98D670017E94D /* Domain */,
				B385E1FD25B98D5D0017E94D /* Infra */,
				B385E1FC25B98D590017E94D /* Data */,
			);
			path = "Pokedex-MVP";
			sourceTree = "<group>";
		};
		B385E1ED25B98CD80017E94D /* Pokedex-MVPTests */ = {
			isa = PBXGroup;
			children = (
				B31E2FBE25C2288C0098F3AD /* Data */,
				B39992C525BE325400486D05 /* Domain */,
				B3115A9325BDE9DC001C6BF4 /* Main */,
				B3115A9225BDE9CA001C6BF4 /* Infra */,
				B359DE5C25BDE50000593765 /* Spy */,
				B385E1F025B98CD80017E94D /* Info.plist */,
			);
			path = "Pokedex-MVPTests";
			sourceTree = "<group>";
		};
		B385E1FC25B98D590017E94D /* Data */ = {
			isa = PBXGroup;
			children = (
				B347F65925BCB98700D1ECBE /* UseCases */,
			);
			path = Data;
			sourceTree = "<group>";
		};
		B385E1FD25B98D5D0017E94D /* Infra */ = {
			isa = PBXGroup;
			children = (
				B36E3D8D25BDA1A80067F8BF /* Utils */,
				B385E20825B98DB30017E94D /* Network */,
				B385E20925B98DB80017E94D /* Services */,
			);
			path = Infra;
			sourceTree = "<group>";
		};
		B385E1FF25B98D670017E94D /* Domain */ = {
			isa = PBXGroup;
			children = (
				B37EF77825C6BC26005C491E /* Enums */,
				B37EF75625C6B4C7005C491E /* ViewModel */,
				B38C5D1A25B9923000B83845 /* Models */,
				B38C5D1925B9922800B83845 /* Repositories */,
			);
			path = Domain;
			sourceTree = "<group>";
		};
		B385E20025B98D6B0017E94D /* Main */ = {
			isa = PBXGroup;
			children = (
				B347F66525BCBDFC00D1ECBE /* Factory */,
				B381D1FB25C7070600FF6183 /* Components */,
				B38C5D1C25B9957600B83845 /* Utils */,
				B38C5D1B25B9924600B83845 /* Coordinators */,
				B385E20225B98D820017E94D /* Scenes */,
				B385E20125B98D750017E94D /* Resources */,
				B385E1D125B98C740017E94D /* AppDelegate.swift */,
			);
			path = Main;
			sourceTree = "<group>";
		};
		B385E20125B98D750017E94D /* Resources */ = {
			isa = PBXGroup;
			children = (
				B385E1DA25B98C750017E94D /* Assets.xcassets */,
				B385E1DC25B98C750017E94D /* LaunchScreen.storyboard */,
				B385E1DF25B98C750017E94D /* Info.plist */,
				B311357A25D18ED100A32997 /* Localizable.strings */,
			);
			path = Resources;
			sourceTree = "<group>";
		};
		B385E20225B98D820017E94D /* Scenes */ = {
			isa = PBXGroup;
			children = (
				B3F47B0F25CF2EC5000F7A1D /* Pokemon */,
				B3F47AFA25CF2DCD000F7A1D /* Sort */,
				B3F47AF925CF2DC4000F7A1D /* Filter */,
				B3F47AF825CF2DBD000F7A1D /* Generations */,
				B3F47AF725CF2DB7000F7A1D /* Search */,
				B385E20325B98D880017E94D /* Home */,
			);
			path = Scenes;
			sourceTree = "<group>";
		};
		B385E20325B98D880017E94D /* Home */ = {
			isa = PBXGroup;
			children = (
				B3B6533125C616E2009EE4EC /* Builder */,
				B382C5EA25C5764E00142F0F /* Presenter */,
				B382C5E925C5764100142F0F /* View */,
			);
			path = Home;
			sourceTree = "<group>";
		};
		B385E20825B98DB30017E94D /* Network */ = {
			isa = PBXGroup;
			children = (
				B398EE0825BC83F6009F7666 /* NetworkProtocol.swift */,
				B398EE0C25BC8460009F7666 /* AlamofireNetwork.swift */,
			);
			path = Network;
			sourceTree = "<group>";
		};
		B385E20925B98DB80017E94D /* Services */ = {
			isa = PBXGroup;
			children = (
				B347F62B25BC9B4200D1ECBE /* API */,
			);
			path = Services;
			sourceTree = "<group>";
		};
		B38C5D1925B9922800B83845 /* Repositories */ = {
			isa = PBXGroup;
			children = (
				B347F65F25BCBA2B00D1ECBE /* PokemonRepository.swift */,
				B39992C725BE328300486D05 /* GenerationRepository.swift */,
			);
			path = Repositories;
			sourceTree = "<group>";
		};
		B38C5D1A25B9923000B83845 /* Models */ = {
			isa = PBXGroup;
			children = (
				B347F63225BC9C3600D1ECBE /* Pagination.swift */,
				B347F67F25BCC24100D1ECBE /* Generation.swift */,
				B36E3D7425BD82EB0067F8BF /* Pokemon.swift */,
			);
			path = Models;
			sourceTree = "<group>";
		};
		B38C5D1B25B9924600B83845 /* Coordinators */ = {
			isa = PBXGroup;
			children = (
				B3F47ABB25CF21FF000F7A1D /* Coordinator.swift */,
				B3F47AEF25CF226C000F7A1D /* ApplicationCoordinator.swift */,
				B3F47B2925CF3126000F7A1D /* SearchCoordinator.swift */,
				B3F47B2D25CF31C4000F7A1D /* SortCoordinator.swift */,
				B3F47B3125CF31DB000F7A1D /* FilterCoordinator.swift */,
				B3F47B3525CF31F6000F7A1D /* GenerationsCoordinator.swift */,
				B3F47B3925CF3266000F7A1D /* PokemonCoordinator.swift */,
			);
			path = Coordinators;
			sourceTree = "<group>";
		};
		B38C5D1C25B9957600B83845 /* Utils */ = {
			isa = PBXGroup;
			children = (
				B31E50DC25C566D600491C88 /* DataSource */,
				B3D8D7C025BAE3F5007E68B7 /* Extensions */,
				B38C5D1D25B9958600B83845 /* Assets.swift */,
				B3873D9025B9AE4300BE6780 /* Colors.swift */,
				B3873D9425B9AE5C00BE6780 /* Typography.swift */,
			);
			path = Utils;
			sourceTree = "<group>";
		};
		B39992C225BE318400486D05 /* Pokemon */ = {
			isa = PBXGroup;
			children = (
				B36E3D7825BD89C20067F8BF /* FetchPokemonUseCase.swift */,
				B3C9D23425BE28C8008770FE /* FetchPokemonsUseCase.swift */,
			);
			path = Pokemon;
			sourceTree = "<group>";
		};
		B39992C525BE325400486D05 /* Domain */ = {
			isa = PBXGroup;
			children = (
				B36E3D7C25BD8ED70067F8BF /* Models */,
				B39992C625BE325900486D05 /* Repository */,
			);
			path = Domain;
			sourceTree = "<group>";
		};
		B39992C625BE325900486D05 /* Repository */ = {
			isa = PBXGroup;
			children = (
				B39992CD25BE348400486D05 /* PokemonRepositoryTests.swift */,
				B39992D125BE349200486D05 /* GenerationRepositoryTests.swift */,
			);
			path = Repository;
			sourceTree = "<group>";
		};
		B3B6533125C616E2009EE4EC /* Builder */ = {
			isa = PBXGroup;
			children = (
				B382C5E125C5743800142F0F /* HomeListItemCellBuilder.swift */,
			);
			path = Builder;
			sourceTree = "<group>";
		};
		B3C9D23825BE315F008770FE /* Generation */ = {
			isa = PBXGroup;
			children = (
				B347F65A25BCB98700D1ECBE /* FetchGenerationsUseCase.swift */,
			);
			path = Generation;
			sourceTree = "<group>";
		};
		B3D8D7C025BAE3F5007E68B7 /* Extensions */ = {
			isa = PBXGroup;
			children = (
				B3D8D7C125BAE40A007E68B7 /* ColorExtension.swift */,
				B3115A9A25BDEC9E001C6BF4 /* StringExtension.swift */,
				B30E623C25C41A8D0031AD62 /* UIViewControllerExtension.swift */,
				B3B6534225C64DC7009EE4EC /* UIImageExtension.swift */,
				B372657D25C712A400A7FF1A /* UIViewExtension.swift */,
				B3DD4AC425D1213A00D963A2 /* ConstraintExtension.swift */,
				B359C7FB25D18B9700E05C00 /* UIActivityIndicatorViewExtension.swift */,
			);
			path = Extensions;
			sourceTree = "<group>";
		};
		B3DD4AAB25D1149300D963A2 /* Builder */ = {
			isa = PBXGroup;
			children = (
				B3DD4AAC25D114AF00D963A2 /* PokemonAbilityCellBuilder.swift */,
				B3DD4ABC25D1193600D963A2 /* PokemonStatCellBuilder.swift */,
			);
			path = Builder;
			sourceTree = "<group>";
		};
		B3F47AF725CF2DB7000F7A1D /* Search */ = {
			isa = PBXGroup;
			children = (
				B3215FF425CF7426000A5863 /* Builder */,
				B37265A125CF41B2007D7F05 /* Presenter */,
				B3F47B0A25CF2E31000F7A1D /* View */,
			);
			path = Search;
			sourceTree = "<group>";
		};
		B3F47AF825CF2DBD000F7A1D /* Generations */ = {
			isa = PBXGroup;
			children = (
				B3F47AFD25CF2DDC000F7A1D /* View */,
			);
			path = Generations;
			sourceTree = "<group>";
		};
		B3F47AF925CF2DC4000F7A1D /* Filter */ = {
			isa = PBXGroup;
			children = (
				B3F47AFC25CF2DD9000F7A1D /* View */,
			);
			path = Filter;
			sourceTree = "<group>";
		};
		B3F47AFA25CF2DCD000F7A1D /* Sort */ = {
			isa = PBXGroup;
			children = (
				B3F47AFB25CF2DD5000F7A1D /* View */,
			);
			path = Sort;
			sourceTree = "<group>";
		};
		B3F47AFB25CF2DD5000F7A1D /* View */ = {
			isa = PBXGroup;
			children = (
				B3F47B0B25CF2EAD000F7A1D /* SortViewController.swift */,
				B3F47B1925CF2F2D000F7A1D /* SortViewController.xib */,
			);
			path = View;
			sourceTree = "<group>";
		};
		B3F47AFC25CF2DD9000F7A1D /* View */ = {
			isa = PBXGroup;
			children = (
				B3F47AFE25CF2DEC000F7A1D /* FilterViewController.swift */,
				B3F47B1D25CF2F46000F7A1D /* FilterViewController.xib */,
			);
			path = View;
			sourceTree = "<group>";
		};
		B3F47AFD25CF2DDC000F7A1D /* View */ = {
			isa = PBXGroup;
			children = (
				B3F47B0225CF2E0B000F7A1D /* GenerationsViewController.swift */,
				B3F47B2125CF2F59000F7A1D /* GenerationsViewController.xib */,
			);
			path = View;
			sourceTree = "<group>";
		};
		B3F47B0A25CF2E31000F7A1D /* View */ = {
			isa = PBXGroup;
			children = (
				B3F47B0625CF2E20000F7A1D /* SearchViewController.swift */,
				B3F47B2525CF2F6C000F7A1D /* SearchViewController.xib */,
				B3215FF025CF71C5000A5863 /* SearchViewCell.swift */,
				B3215FF525CF743B000A5863 /* SearchViewCell.xib */,
			);
			path = View;
			sourceTree = "<group>";
		};
		B3F47B0F25CF2EC5000F7A1D /* Pokemon */ = {
			isa = PBXGroup;
			children = (
				B3DD4AAB25D1149300D963A2 /* Builder */,
				B337E16425D0283800B19B28 /* Presenter */,
				B3F47B1025CF2ECD000F7A1D /* View */,
			);
			path = Pokemon;
			sourceTree = "<group>";
		};
		B3F47B1025CF2ECD000F7A1D /* View */ = {
			isa = PBXGroup;
			children = (
				B3F47B1125CF2EFD000F7A1D /* PokemonViewController.swift */,
				B3F47B1525CF2F10000F7A1D /* PokemonViewController.xib */,
				B3DD4A9925D10D3000D963A2 /* PokemonSectionHeaderView.swift */,
				B3DD4A9D25D10E7A00D963A2 /* PokemonSectionHeaderView.xib */,
				B3DD4AA125D112A500D963A2 /* PokemonAbilityViewCell.swift */,
				B3DD4AA725D1143600D963A2 /* PokemonAbilityViewCell.xib */,
				B3DD4AB025D1187F00D963A2 /* PokemonStatViewCell.swift */,
				B3DD4AB425D118B900D963A2 /* PokemonStatViewCell.xib */,
			);
			path = View;
			sourceTree = "<group>";
		};
/* End PBXGroup section */

/* Begin PBXNativeTarget section */
		B385E1CD25B98C740017E94D /* Pokedex-MVP */ = {
			isa = PBXNativeTarget;
			buildConfigurationList = B385E1E225B98C750017E94D /* Build configuration list for PBXNativeTarget "Pokedex-MVP" */;
			buildPhases = (
				172D0DC446E42A297AF3F8E5 /* [CP] Check Pods Manifest.lock */,
				B385E1CA25B98C740017E94D /* Sources */,
				B385E1CB25B98C740017E94D /* Frameworks */,
				B385E1CC25B98C740017E94D /* Resources */,
				6D33431B92DB6CC320FA2ADC /* [CP] Embed Pods Frameworks */,
			);
			buildRules = (
			);
			dependencies = (
			);
			name = "Pokedex-MVP";
			productName = "Pokedex-MVP";
			productReference = B385E1CE25B98C740017E94D /* Pokedex-MVP.app */;
			productType = "com.apple.product-type.application";
		};
		B385E1EB25B98CD80017E94D /* Pokedex-MVPTests */ = {
			isa = PBXNativeTarget;
			buildConfigurationList = B385E1F325B98CD80017E94D /* Build configuration list for PBXNativeTarget "Pokedex-MVPTests" */;
			buildPhases = (
				6D8B4BB1FDC0408D15E037C3 /* [CP] Check Pods Manifest.lock */,
				B385E1E825B98CD80017E94D /* Sources */,
				B385E1E925B98CD80017E94D /* Frameworks */,
				B385E1EA25B98CD80017E94D /* Resources */,
				27251B88E7DE3E5601EF580D /* [CP] Embed Pods Frameworks */,
			);
			buildRules = (
			);
			dependencies = (
				B385E1F225B98CD80017E94D /* PBXTargetDependency */,
			);
			name = "Pokedex-MVPTests";
			productName = "Pokedex-MVPTests";
			productReference = B385E1EC25B98CD80017E94D /* Pokedex-MVPTests.xctest */;
			productType = "com.apple.product-type.bundle.unit-test";
		};
/* End PBXNativeTarget section */

/* Begin PBXProject section */
		B385E1C625B98C740017E94D /* Project object */ = {
			isa = PBXProject;
			attributes = {
				LastSwiftUpdateCheck = 1230;
				LastUpgradeCheck = 1230;
				TargetAttributes = {
					B385E1CD25B98C740017E94D = {
						CreatedOnToolsVersion = 12.3;
					};
					B385E1EB25B98CD80017E94D = {
						CreatedOnToolsVersion = 12.3;
						TestTargetID = B385E1CD25B98C740017E94D;
					};
				};
			};
			buildConfigurationList = B385E1C925B98C740017E94D /* Build configuration list for PBXProject "Pokedex-MVP" */;
			compatibilityVersion = "Xcode 9.3";
			developmentRegion = en;
			hasScannedForEncodings = 0;
			knownRegions = (
				en,
				Base,
			);
			mainGroup = B385E1C525B98C740017E94D;
			productRefGroup = B385E1CF25B98C740017E94D /* Products */;
			projectDirPath = "";
			projectRoot = "";
			targets = (
				B385E1CD25B98C740017E94D /* Pokedex-MVP */,
				B385E1EB25B98CD80017E94D /* Pokedex-MVPTests */,
			);
		};
/* End PBXProject section */

/* Begin PBXResourcesBuildPhase section */
		B385E1CC25B98C740017E94D /* Resources */ = {
			isa = PBXResourcesBuildPhase;
			buildActionMask = 2147483647;
			files = (
				B3F47B1625CF2F10000F7A1D /* PokemonViewController.xib in Resources */,
				B372657A25C707D600A7FF1A /* BadgeView.xib in Resources */,
				B3D2802925C80B0D0082994C /* SearchInputView.xib in Resources */,
				B3DD4AA825D1143600D963A2 /* PokemonAbilityViewCell.xib in Resources */,
				B3DD4A9E25D10E7A00D963A2 /* PokemonSectionHeaderView.xib in Resources */,
				B382C5E625C575A000142F0F /* HomeListItemViewCell.xib in Resources */,
				B3215FF625CF743B000A5863 /* SearchViewCell.xib in Resources */,
				B3F47B2225CF2F59000F7A1D /* GenerationsViewController.xib in Resources */,
				B3DD4AB525D118B900D963A2 /* PokemonStatViewCell.xib in Resources */,
				B385E1DE25B98C750017E94D /* LaunchScreen.storyboard in Resources */,
				B385E1DB25B98C750017E94D /* Assets.xcassets in Resources */,
				B3F47B2625CF2F6C000F7A1D /* SearchViewController.xib in Resources */,
				B3F47B1A25CF2F2D000F7A1D /* SortViewController.xib in Resources */,
				B311357B25D18ED100A32997 /* Localizable.strings in Resources */,
				B3F47B1E25CF2F46000F7A1D /* FilterViewController.xib in Resources */,
				B3A6C21A25C2C3F600ADB720 /* HomeViewController.xib in Resources */,
			);
			runOnlyForDeploymentPostprocessing = 0;
		};
		B385E1EA25B98CD80017E94D /* Resources */ = {
			isa = PBXResourcesBuildPhase;
			buildActionMask = 2147483647;
			files = (
			);
			runOnlyForDeploymentPostprocessing = 0;
		};
/* End PBXResourcesBuildPhase section */

/* Begin PBXShellScriptBuildPhase section */
		172D0DC446E42A297AF3F8E5 /* [CP] Check Pods Manifest.lock */ = {
			isa = PBXShellScriptBuildPhase;
			buildActionMask = 2147483647;
			files = (
			);
			inputFileListPaths = (
			);
			inputPaths = (
				"${PODS_PODFILE_DIR_PATH}/Podfile.lock",
				"${PODS_ROOT}/Manifest.lock",
			);
			name = "[CP] Check Pods Manifest.lock";
			outputFileListPaths = (
			);
			outputPaths = (
				"$(DERIVED_FILE_DIR)/Pods-Pokedex-MVP-checkManifestLockResult.txt",
			);
			runOnlyForDeploymentPostprocessing = 0;
			shellPath = /bin/sh;
			shellScript = "diff \"${PODS_PODFILE_DIR_PATH}/Podfile.lock\" \"${PODS_ROOT}/Manifest.lock\" > /dev/null\nif [ $? != 0 ] ; then\n    # print error to STDERR\n    echo \"error: The sandbox is not in sync with the Podfile.lock. Run 'pod install' or update your CocoaPods installation.\" >&2\n    exit 1\nfi\n# This output is used by Xcode 'outputs' to avoid re-running this script phase.\necho \"SUCCESS\" > \"${SCRIPT_OUTPUT_FILE_0}\"\n";
			showEnvVarsInLog = 0;
		};
		27251B88E7DE3E5601EF580D /* [CP] Embed Pods Frameworks */ = {
			isa = PBXShellScriptBuildPhase;
			buildActionMask = 2147483647;
			files = (
			);
			inputFileListPaths = (
				"${PODS_ROOT}/Target Support Files/Pods-Pokedex-MVPTests/Pods-Pokedex-MVPTests-frameworks-${CONFIGURATION}-input-files.xcfilelist",
			);
			name = "[CP] Embed Pods Frameworks";
			outputFileListPaths = (
				"${PODS_ROOT}/Target Support Files/Pods-Pokedex-MVPTests/Pods-Pokedex-MVPTests-frameworks-${CONFIGURATION}-output-files.xcfilelist",
			);
			runOnlyForDeploymentPostprocessing = 0;
			shellPath = /bin/sh;
			shellScript = "\"${PODS_ROOT}/Target Support Files/Pods-Pokedex-MVPTests/Pods-Pokedex-MVPTests-frameworks.sh\"\n";
			showEnvVarsInLog = 0;
		};
		6D33431B92DB6CC320FA2ADC /* [CP] Embed Pods Frameworks */ = {
			isa = PBXShellScriptBuildPhase;
			buildActionMask = 2147483647;
			files = (
			);
			inputFileListPaths = (
				"${PODS_ROOT}/Target Support Files/Pods-Pokedex-MVP/Pods-Pokedex-MVP-frameworks-${CONFIGURATION}-input-files.xcfilelist",
			);
			name = "[CP] Embed Pods Frameworks";
			outputFileListPaths = (
				"${PODS_ROOT}/Target Support Files/Pods-Pokedex-MVP/Pods-Pokedex-MVP-frameworks-${CONFIGURATION}-output-files.xcfilelist",
			);
			runOnlyForDeploymentPostprocessing = 0;
			shellPath = /bin/sh;
			shellScript = "\"${PODS_ROOT}/Target Support Files/Pods-Pokedex-MVP/Pods-Pokedex-MVP-frameworks.sh\"\n";
			showEnvVarsInLog = 0;
		};
		6D8B4BB1FDC0408D15E037C3 /* [CP] Check Pods Manifest.lock */ = {
			isa = PBXShellScriptBuildPhase;
			buildActionMask = 2147483647;
			files = (
			);
			inputFileListPaths = (
			);
			inputPaths = (
				"${PODS_PODFILE_DIR_PATH}/Podfile.lock",
				"${PODS_ROOT}/Manifest.lock",
			);
			name = "[CP] Check Pods Manifest.lock";
			outputFileListPaths = (
			);
			outputPaths = (
				"$(DERIVED_FILE_DIR)/Pods-Pokedex-MVPTests-checkManifestLockResult.txt",
			);
			runOnlyForDeploymentPostprocessing = 0;
			shellPath = /bin/sh;
			shellScript = "diff \"${PODS_PODFILE_DIR_PATH}/Podfile.lock\" \"${PODS_ROOT}/Manifest.lock\" > /dev/null\nif [ $? != 0 ] ; then\n    # print error to STDERR\n    echo \"error: The sandbox is not in sync with the Podfile.lock. Run 'pod install' or update your CocoaPods installation.\" >&2\n    exit 1\nfi\n# This output is used by Xcode 'outputs' to avoid re-running this script phase.\necho \"SUCCESS\" > \"${SCRIPT_OUTPUT_FILE_0}\"\n";
			showEnvVarsInLog = 0;
		};
/* End PBXShellScriptBuildPhase section */

/* Begin PBXSourcesBuildPhase section */
		B385E1CA25B98C740017E94D /* Sources */ = {
			isa = PBXSourcesBuildPhase;
			buildActionMask = 2147483647;
			files = (
				B3215FF125CF71C5000A5863 /* SearchViewCell.swift in Sources */,
				B3F47B3A25CF3266000F7A1D /* PokemonCoordinator.swift in Sources */,
				B31E50DF25C5671700491C88 /* TableViewSection.swift in Sources */,
				B3A6C20E25C2BC8B00ADB720 /* HomePresenter.swift in Sources */,
				B3DD4AB125D1187F00D963A2 /* PokemonStatViewCell.swift in Sources */,
				B3873D9525B9AE5C00BE6780 /* Typography.swift in Sources */,
				B347F66825BCBEAB00D1ECBE /* UseCaseFactory.swift in Sources */,
				B359C7FC25D18B9700E05C00 /* UIActivityIndicatorViewExtension.swift in Sources */,
				B385E1D625B98C740017E94D /* HomeViewController.swift in Sources */,
				B36E3D7525BD82EB0067F8BF /* Pokemon.swift in Sources */,
				B398EE0D25BC8460009F7666 /* AlamofireNetwork.swift in Sources */,
				B347F68025BCC24100D1ECBE /* Generation.swift in Sources */,
				B30E623D25C41A8D0031AD62 /* UIViewControllerExtension.swift in Sources */,
				B31E50E325C5672C00491C88 /* TableViewCellBuilder.swift in Sources */,
				B3F47B0C25CF2EAD000F7A1D /* SortViewController.swift in Sources */,
				B3F47B3625CF31F6000F7A1D /* GenerationsCoordinator.swift in Sources */,
				B3F47AFF25CF2DEC000F7A1D /* FilterViewController.swift in Sources */,
				B3DD4A9A25D10D3000D963A2 /* PokemonSectionHeaderView.swift in Sources */,
				B3873D9125B9AE4300BE6780 /* Colors.swift in Sources */,
				B337E16625D0284400B19B28 /* PokemonPresenter.swift in Sources */,
				B3DD4ABD25D1193600D963A2 /* PokemonStatCellBuilder.swift in Sources */,
				B347F65B25BCB98700D1ECBE /* FetchGenerationsUseCase.swift in Sources */,
				B3D8D7C225BAE40A007E68B7 /* ColorExtension.swift in Sources */,
				B3DD4ACB25D1599D00D963A2 /* StatViewModel.swift in Sources */,
				B3F47B2E25CF31C4000F7A1D /* SortCoordinator.swift in Sources */,
				B3DD4AA225D112A500D963A2 /* PokemonAbilityViewCell.swift in Sources */,
				B385E1D225B98C740017E94D /* AppDelegate.swift in Sources */,
				B382C5DC25C5736400142F0F /* HomeListItemViewCell.swift in Sources */,
				B3D2802325C80B040082994C /* SearchInputView.swift in Sources */,
				B38C5D1E25B9958600B83845 /* Assets.swift in Sources */,
				B3F47B1225CF2EFD000F7A1D /* PokemonViewController.swift in Sources */,
				B3DD4AAD25D114AF00D963A2 /* PokemonAbilityCellBuilder.swift in Sources */,
				B3A6C21425C2C2E400ADB720 /* SceneFactory.swift in Sources */,
				B36E3D8F25BDA1BD0067F8BF /* MemoryCache.swift in Sources */,
				B3115A9B25BDEC9E001C6BF4 /* StringExtension.swift in Sources */,
				B3F47B0725CF2E20000F7A1D /* SearchViewController.swift in Sources */,
				B37265A325CF41C0007D7F05 /* SearchPresenter.swift in Sources */,
				B3B6534325C64DC7009EE4EC /* UIImageExtension.swift in Sources */,
				B37EF78825C6CA29005C491E /* PokemonType.swift in Sources */,
				B382C5E225C5743800142F0F /* HomeListItemCellBuilder.swift in Sources */,
				B3F47B3225CF31DB000F7A1D /* FilterCoordinator.swift in Sources */,
				B3215FFA25CF74A8000A5863 /* SearchCellBuilder.swift in Sources */,
				B39992C825BE328300486D05 /* GenerationRepository.swift in Sources */,
				B347F63325BC9C3600D1ECBE /* Pagination.swift in Sources */,
				B372657E25C712A400A7FF1A /* UIViewExtension.swift in Sources */,
				B381D1FE25C7071E00FF6183 /* BadgeView.swift in Sources */,
				B3F47ABC25CF21FF000F7A1D /* Coordinator.swift in Sources */,
				B387D04A25C560C2004B9819 /* TableViewDataSource.swift in Sources */,
				B3DD4AC525D1213A00D963A2 /* ConstraintExtension.swift in Sources */,
				B3F47B0325CF2E0B000F7A1D /* GenerationsViewController.swift in Sources */,
				B3F47B2A25CF3126000F7A1D /* SearchCoordinator.swift in Sources */,
				B3F47AF025CF226C000F7A1D /* ApplicationCoordinator.swift in Sources */,
				B347F66025BCBA2B00D1ECBE /* PokemonRepository.swift in Sources */,
				B347F62F25BC9B4200D1ECBE /* PokemonAPI.swift in Sources */,
				B37EF75F25C6B60C005C491E /* PokemonViewModel.swift in Sources */,
				B36E3D7925BD89C20067F8BF /* FetchPokemonUseCase.swift in Sources */,
				B3C9D23525BE28C8008770FE /* FetchPokemonsUseCase.swift in Sources */,
				B398EE0925BC83F6009F7666 /* NetworkProtocol.swift in Sources */,
			);
			runOnlyForDeploymentPostprocessing = 0;
		};
		B385E1E825B98CD80017E94D /* Sources */ = {
			isa = PBXSourcesBuildPhase;
			buildActionMask = 2147483647;
			files = (
				B31E2FC625C22AA20098F3AD /* PokemonRepositorySpy.swift in Sources */,
				B3AAC56A25BC622C00E42043 /* AssetsTests.swift in Sources */,
				B31E2FCA25C22B630098F3AD /* GenerationRepositorySpy.swift in Sources */,
				B3387EE525BE375B005BB2F5 /* CacheSpy.swift in Sources */,
				B36E3D7E25BD8EE40067F8BF /* PokemonModelTests.swift in Sources */,
				B36E3D9325BDA7C90067F8BF /* MemoryCacheTests.swift in Sources */,
				B39992D225BE349200486D05 /* GenerationRepositoryTests.swift in Sources */,
				B31E2FC025C228EE0098F3AD /* FetchPokemonUseCaseTests.swift in Sources */,
				B3387ED625BE3653005BB2F5 /* PokemonAPISpy.swift in Sources */,
				B398EDFA25BC7FA8009F7666 /* ColorsTests.swift in Sources */,
				B3433FBA25C230D90087EF14 /* FetchGenerationsUseCaseTests.swift in Sources */,
				B359DE5E25BDE50D00593765 /* NetworkSpy.swift in Sources */,
				B3EB221725D1F47C00B866BD /* StringsTests.swift in Sources */,
				B36E3D8825BD9ED70067F8BF /* PaginationModelTests.swift in Sources */,
				B3115A9525BDEA01001C6BF4 /* PokemonAPITests.swift in Sources */,
				B36E3D8425BD9E110067F8BF /* GenerationResultItemModelTests.swift in Sources */,
				B39992CE25BE348400486D05 /* PokemonRepositoryTests.swift in Sources */,
			);
			runOnlyForDeploymentPostprocessing = 0;
		};
/* End PBXSourcesBuildPhase section */

/* Begin PBXTargetDependency section */
		B385E1F225B98CD80017E94D /* PBXTargetDependency */ = {
			isa = PBXTargetDependency;
			target = B385E1CD25B98C740017E94D /* Pokedex-MVP */;
			targetProxy = B385E1F125B98CD80017E94D /* PBXContainerItemProxy */;
		};
/* End PBXTargetDependency section */

/* Begin PBXVariantGroup section */
		B385E1DC25B98C750017E94D /* LaunchScreen.storyboard */ = {
			isa = PBXVariantGroup;
			children = (
				B385E1DD25B98C750017E94D /* Base */,
			);
			name = LaunchScreen.storyboard;
			sourceTree = "<group>";
		};
/* End PBXVariantGroup section */

/* Begin XCBuildConfiguration section */
		B385E1E025B98C750017E94D /* Debug */ = {
			isa = XCBuildConfiguration;
			buildSettings = {
				ALWAYS_SEARCH_USER_PATHS = NO;
				CLANG_ANALYZER_NONNULL = YES;
				CLANG_ANALYZER_NUMBER_OBJECT_CONVERSION = YES_AGGRESSIVE;
				CLANG_CXX_LANGUAGE_STANDARD = "gnu++14";
				CLANG_CXX_LIBRARY = "libc++";
				CLANG_ENABLE_MODULES = YES;
				CLANG_ENABLE_OBJC_ARC = YES;
				CLANG_ENABLE_OBJC_WEAK = YES;
				CLANG_WARN_BLOCK_CAPTURE_AUTORELEASING = YES;
				CLANG_WARN_BOOL_CONVERSION = YES;
				CLANG_WARN_COMMA = YES;
				CLANG_WARN_CONSTANT_CONVERSION = YES;
				CLANG_WARN_DEPRECATED_OBJC_IMPLEMENTATIONS = YES;
				CLANG_WARN_DIRECT_OBJC_ISA_USAGE = YES_ERROR;
				CLANG_WARN_DOCUMENTATION_COMMENTS = YES;
				CLANG_WARN_EMPTY_BODY = YES;
				CLANG_WARN_ENUM_CONVERSION = YES;
				CLANG_WARN_INFINITE_RECURSION = YES;
				CLANG_WARN_INT_CONVERSION = YES;
				CLANG_WARN_NON_LITERAL_NULL_CONVERSION = YES;
				CLANG_WARN_OBJC_IMPLICIT_RETAIN_SELF = YES;
				CLANG_WARN_OBJC_LITERAL_CONVERSION = YES;
				CLANG_WARN_OBJC_ROOT_CLASS = YES_ERROR;
				CLANG_WARN_QUOTED_INCLUDE_IN_FRAMEWORK_HEADER = YES;
				CLANG_WARN_RANGE_LOOP_ANALYSIS = YES;
				CLANG_WARN_STRICT_PROTOTYPES = YES;
				CLANG_WARN_SUSPICIOUS_MOVE = YES;
				CLANG_WARN_UNGUARDED_AVAILABILITY = YES_AGGRESSIVE;
				CLANG_WARN_UNREACHABLE_CODE = YES;
				CLANG_WARN__DUPLICATE_METHOD_MATCH = YES;
				COPY_PHASE_STRIP = NO;
				DEBUG_INFORMATION_FORMAT = dwarf;
				ENABLE_STRICT_OBJC_MSGSEND = YES;
				ENABLE_TESTABILITY = YES;
				GCC_C_LANGUAGE_STANDARD = gnu11;
				GCC_DYNAMIC_NO_PIC = NO;
				GCC_NO_COMMON_BLOCKS = YES;
				GCC_OPTIMIZATION_LEVEL = 0;
				GCC_PREPROCESSOR_DEFINITIONS = (
					"DEBUG=1",
					"$(inherited)",
				);
				GCC_WARN_64_TO_32_BIT_CONVERSION = YES;
				GCC_WARN_ABOUT_RETURN_TYPE = YES_ERROR;
				GCC_WARN_UNDECLARED_SELECTOR = YES;
				GCC_WARN_UNINITIALIZED_AUTOS = YES_AGGRESSIVE;
				GCC_WARN_UNUSED_FUNCTION = YES;
				GCC_WARN_UNUSED_VARIABLE = YES;
				IPHONEOS_DEPLOYMENT_TARGET = 13.4;
				MTL_ENABLE_DEBUG_INFO = INCLUDE_SOURCE;
				MTL_FAST_MATH = YES;
				ONLY_ACTIVE_ARCH = YES;
				SDKROOT = iphoneos;
				SWIFT_ACTIVE_COMPILATION_CONDITIONS = DEBUG;
				SWIFT_OPTIMIZATION_LEVEL = "-Onone";
			};
			name = Debug;
		};
		B385E1E125B98C750017E94D /* Release */ = {
			isa = XCBuildConfiguration;
			buildSettings = {
				ALWAYS_SEARCH_USER_PATHS = NO;
				CLANG_ANALYZER_NONNULL = YES;
				CLANG_ANALYZER_NUMBER_OBJECT_CONVERSION = YES_AGGRESSIVE;
				CLANG_CXX_LANGUAGE_STANDARD = "gnu++14";
				CLANG_CXX_LIBRARY = "libc++";
				CLANG_ENABLE_MODULES = YES;
				CLANG_ENABLE_OBJC_ARC = YES;
				CLANG_ENABLE_OBJC_WEAK = YES;
				CLANG_WARN_BLOCK_CAPTURE_AUTORELEASING = YES;
				CLANG_WARN_BOOL_CONVERSION = YES;
				CLANG_WARN_COMMA = YES;
				CLANG_WARN_CONSTANT_CONVERSION = YES;
				CLANG_WARN_DEPRECATED_OBJC_IMPLEMENTATIONS = YES;
				CLANG_WARN_DIRECT_OBJC_ISA_USAGE = YES_ERROR;
				CLANG_WARN_DOCUMENTATION_COMMENTS = YES;
				CLANG_WARN_EMPTY_BODY = YES;
				CLANG_WARN_ENUM_CONVERSION = YES;
				CLANG_WARN_INFINITE_RECURSION = YES;
				CLANG_WARN_INT_CONVERSION = YES;
				CLANG_WARN_NON_LITERAL_NULL_CONVERSION = YES;
				CLANG_WARN_OBJC_IMPLICIT_RETAIN_SELF = YES;
				CLANG_WARN_OBJC_LITERAL_CONVERSION = YES;
				CLANG_WARN_OBJC_ROOT_CLASS = YES_ERROR;
				CLANG_WARN_QUOTED_INCLUDE_IN_FRAMEWORK_HEADER = YES;
				CLANG_WARN_RANGE_LOOP_ANALYSIS = YES;
				CLANG_WARN_STRICT_PROTOTYPES = YES;
				CLANG_WARN_SUSPICIOUS_MOVE = YES;
				CLANG_WARN_UNGUARDED_AVAILABILITY = YES_AGGRESSIVE;
				CLANG_WARN_UNREACHABLE_CODE = YES;
				CLANG_WARN__DUPLICATE_METHOD_MATCH = YES;
				COPY_PHASE_STRIP = NO;
				DEBUG_INFORMATION_FORMAT = "dwarf-with-dsym";
				ENABLE_NS_ASSERTIONS = NO;
				ENABLE_STRICT_OBJC_MSGSEND = YES;
				GCC_C_LANGUAGE_STANDARD = gnu11;
				GCC_NO_COMMON_BLOCKS = YES;
				GCC_WARN_64_TO_32_BIT_CONVERSION = YES;
				GCC_WARN_ABOUT_RETURN_TYPE = YES_ERROR;
				GCC_WARN_UNDECLARED_SELECTOR = YES;
				GCC_WARN_UNINITIALIZED_AUTOS = YES_AGGRESSIVE;
				GCC_WARN_UNUSED_FUNCTION = YES;
				GCC_WARN_UNUSED_VARIABLE = YES;
				IPHONEOS_DEPLOYMENT_TARGET = 13.4;
				MTL_ENABLE_DEBUG_INFO = NO;
				MTL_FAST_MATH = YES;
				SDKROOT = iphoneos;
				SWIFT_COMPILATION_MODE = wholemodule;
				SWIFT_OPTIMIZATION_LEVEL = "-O";
				VALIDATE_PRODUCT = YES;
			};
			name = Release;
		};
		B385E1E325B98C750017E94D /* Debug */ = {
			isa = XCBuildConfiguration;
			baseConfigurationReference = D6AD848FE999B0382AD2B4E8 /* Pods-Pokedex-MVP.debug.xcconfig */;
			buildSettings = {
				ASSETCATALOG_COMPILER_APPICON_NAME = AppIcon;
				ASSETCATALOG_COMPILER_GLOBAL_ACCENT_COLOR_NAME = AccentColor;
				CODE_SIGN_STYLE = Automatic;
				DEVELOPMENT_TEAM = 3Y3T2VA3Q3;
				INFOPLIST_FILE = "$(SRCROOT)/Pokedex-MVP/Main/Resources/Info.plist";
				IPHONEOS_DEPLOYMENT_TARGET = 13.4;
				LD_RUNPATH_SEARCH_PATHS = (
					"$(inherited)",
					"@executable_path/Frameworks",
				);
				MARKETING_VERSION = 0.1.0;
				PRODUCT_BUNDLE_IDENTIFIER = "com.adriano.test.Pokedex-MVP";
				PRODUCT_NAME = "$(TARGET_NAME)";
				SWIFT_VERSION = 5.0;
				TARGETED_DEVICE_FAMILY = 1;
			};
			name = Debug;
		};
		B385E1E425B98C750017E94D /* Release */ = {
			isa = XCBuildConfiguration;
			baseConfigurationReference = F679554CAB6763CC9992ED9C /* Pods-Pokedex-MVP.release.xcconfig */;
			buildSettings = {
				ASSETCATALOG_COMPILER_APPICON_NAME = AppIcon;
				ASSETCATALOG_COMPILER_GLOBAL_ACCENT_COLOR_NAME = AccentColor;
				CODE_SIGN_STYLE = Automatic;
				DEVELOPMENT_TEAM = 3Y3T2VA3Q3;
				INFOPLIST_FILE = "$(SRCROOT)/Pokedex-MVP/Main/Resources/Info.plist";
				IPHONEOS_DEPLOYMENT_TARGET = 13.4;
				LD_RUNPATH_SEARCH_PATHS = (
					"$(inherited)",
					"@executable_path/Frameworks",
				);
				MARKETING_VERSION = 0.1.0;
				PRODUCT_BUNDLE_IDENTIFIER = "com.adriano.test.Pokedex-MVP";
				PRODUCT_NAME = "$(TARGET_NAME)";
				SWIFT_VERSION = 5.0;
				TARGETED_DEVICE_FAMILY = 1;
			};
			name = Release;
		};
		B385E1F425B98CD80017E94D /* Debug */ = {
			isa = XCBuildConfiguration;
			baseConfigurationReference = A3E4394F9DBE63F4F516DFA2 /* Pods-Pokedex-MVPTests.debug.xcconfig */;
			buildSettings = {
				BUNDLE_LOADER = "$(TEST_HOST)";
				CODE_SIGN_STYLE = Automatic;
				DEVELOPMENT_TEAM = 3Y3T2VA3Q3;
				INFOPLIST_FILE = "Pokedex-MVPTests/Info.plist";
				IPHONEOS_DEPLOYMENT_TARGET = 14.3;
				LD_RUNPATH_SEARCH_PATHS = (
					"$(inherited)",
					"@executable_path/Frameworks",
					"@loader_path/Frameworks",
				);
				PRODUCT_BUNDLE_IDENTIFIER = "com.adriano.test.Pokedex-MVPTests";
				PRODUCT_NAME = "$(TARGET_NAME)";
				SWIFT_VERSION = 5.0;
				TARGETED_DEVICE_FAMILY = "1,2";
				TEST_HOST = "$(BUILT_PRODUCTS_DIR)/Pokedex-MVP.app/Pokedex-MVP";
			};
			name = Debug;
		};
		B385E1F525B98CD80017E94D /* Release */ = {
			isa = XCBuildConfiguration;
			baseConfigurationReference = 74B79D169C15EC1E2C37694B /* Pods-Pokedex-MVPTests.release.xcconfig */;
			buildSettings = {
				BUNDLE_LOADER = "$(TEST_HOST)";
				CODE_SIGN_STYLE = Automatic;
				DEVELOPMENT_TEAM = 3Y3T2VA3Q3;
				INFOPLIST_FILE = "Pokedex-MVPTests/Info.plist";
				IPHONEOS_DEPLOYMENT_TARGET = 14.3;
				LD_RUNPATH_SEARCH_PATHS = (
					"$(inherited)",
					"@executable_path/Frameworks",
					"@loader_path/Frameworks",
				);
				PRODUCT_BUNDLE_IDENTIFIER = "com.adriano.test.Pokedex-MVPTests";
				PRODUCT_NAME = "$(TARGET_NAME)";
				SWIFT_VERSION = 5.0;
				TARGETED_DEVICE_FAMILY = "1,2";
				TEST_HOST = "$(BUILT_PRODUCTS_DIR)/Pokedex-MVP.app/Pokedex-MVP";
			};
			name = Release;
		};
/* End XCBuildConfiguration section */

/* Begin XCConfigurationList section */
		B385E1C925B98C740017E94D /* Build configuration list for PBXProject "Pokedex-MVP" */ = {
			isa = XCConfigurationList;
			buildConfigurations = (
				B385E1E025B98C750017E94D /* Debug */,
				B385E1E125B98C750017E94D /* Release */,
			);
			defaultConfigurationIsVisible = 0;
			defaultConfigurationName = Release;
		};
		B385E1E225B98C750017E94D /* Build configuration list for PBXNativeTarget "Pokedex-MVP" */ = {
			isa = XCConfigurationList;
			buildConfigurations = (
				B385E1E325B98C750017E94D /* Debug */,
				B385E1E425B98C750017E94D /* Release */,
			);
			defaultConfigurationIsVisible = 0;
			defaultConfigurationName = Release;
		};
		B385E1F325B98CD80017E94D /* Build configuration list for PBXNativeTarget "Pokedex-MVPTests" */ = {
			isa = XCConfigurationList;
			buildConfigurations = (
				B385E1F425B98CD80017E94D /* Debug */,
				B385E1F525B98CD80017E94D /* Release */,
			);
			defaultConfigurationIsVisible = 0;
			defaultConfigurationName = Release;
		};
/* End XCConfigurationList section */
	};
	rootObject = B385E1C625B98C740017E94D /* Project object */;
}
